
Microsoft Visual Studio Solution File, Format Version 12.00
# Visual Studio Version 17
VisualStudioVersion = 17.10.35122.118
MinimumVisualStudioVersion = 10.0.40219.1
Project("{9A19103F-16F7-4668-BE54-9A1E7A4F7556}") = "Day2_Lab2", "Day2_Lab2.csproj", "{8F0F0F92-7120-4EA8-B428-ABA7323F29C1}"
EndProject
Project("{9A19103F-16F7-4668-BE54-9A1E7A4F7556}") = "WebApplication1", "..\WebApplication1\WebApplication1.csproj", "{C0914ACA-5131-47A1-9E0F-8257D663BFDB}"
EndProject
Global
	GlobalSection(SolutionConfigurationPlatforms) = preSolution
		Debug|Any CPU = Debug|Any CPU
		Release|Any CPU = Release|Any CPU
	EndGlobalSection
	GlobalSection(ProjectConfigurationPlatforms) = postSolution
		{8F0F0F92-7120-4EA8-B428-ABA7323F29C1}.Debug|Any CPU.ActiveCfg = Debug|Any CPU
		{8F0F0F92-7120-4EA8-B428-ABA7323F29C1}.Debug|Any CPU.Build.0 = Debug|Any CPU
		{8F0F0F92-7120-4EA8-B428-ABA7323F29C1}.Release|Any CPU.ActiveCfg = Release|Any CPU
		{8F0F0F92-7120-4EA8-B428-ABA7323F29C1}.Release|Any CPU.Build.0 = Release|Any CPU
		{C0914ACA-5131-47A1-9E0F-8257D663BFDB}.Debug|Any CPU.ActiveCfg = Debug|Any CPU
		{C0914ACA-5131-47A1-9E0F-8257D663BFDB}.Debug|Any CPU.Build.0 = Debug|Any CPU
		{C0914ACA-5131-47A1-9E0F-8257D663BFDB}.Release|Any CPU.ActiveCfg = Release|Any CPU
		{C0914ACA-5131-47A1-9E0F-8257D663BFDB}.Release|Any CPU.Build.0 = Release|Any CPU
	EndGlobalSection
	GlobalSection(SolutionProperties) = preSolution
		HideSolutionNode = FALSE
	EndGlobalSection
	GlobalSection(ExtensibilityGlobals) = postSolution
		SolutionGuid = {09EE39F7-04E5-4FCB-831E-AD320115EAFA}
	EndGlobalSection
EndGlobal
